
Microsoft Visual Studio Solution File, Format Version 12.00
# Visual Studio Version 16
VisualStudioVersion = 16.0.32002.261
MinimumVisualStudioVersion = 10.0.40219.1
Project("{9A19103F-16F7-4668-BE54-9A1E7A4F7556}") = "GroovySocial", "GroovySocial\GroovySocial.csproj", "{9DBC9219-DB56-4D09-85C6-8A77EA6300A2}"
EndProject
Project("{2150E333-8FDC-42A3-9474-1A3956D46DE8}") = "Librerias", "Librerias", "{CAFF47AE-0168-4656-8AF5-5524BF861927}"
EndProject
Project("{FAE04EC0-301F-11D3-BF4B-00C04F79EFBC}") = "Groov.Data.Base", "Grood.Data.Base\Groov.Data.Base.csproj", "{49C8D2F6-8E6B-490D-A602-3BA09D92A442}"
EndProject
Project("{FAE04EC0-301F-11D3-BF4B-00C04F79EFBC}") = "Groov.Library.Data", "Groov.Library.Data\Groov.Library.Data.csproj", "{1BCCE6D8-BD8F-4AAB-B7E4-A0C426DF4777}"
EndProject
Global
	GlobalSection(SolutionConfigurationPlatforms) = preSolution
		Debug|Any CPU = Debug|Any CPU
		Release|Any CPU = Release|Any CPU
	EndGlobalSection
	GlobalSection(ProjectConfigurationPlatforms) = postSolution
		{9DBC9219-DB56-4D09-85C6-8A77EA6300A2}.Debug|Any CPU.ActiveCfg = Debug|Any CPU
		{9DBC9219-DB56-4D09-85C6-8A77EA6300A2}.Debug|Any CPU.Build.0 = Debug|Any CPU
		{9DBC9219-DB56-4D09-85C6-8A77EA6300A2}.Release|Any CPU.ActiveCfg = Release|Any CPU
		{9DBC9219-DB56-4D09-85C6-8A77EA6300A2}.Release|Any CPU.Build.0 = Release|Any CPU
		{49C8D2F6-8E6B-490D-A602-3BA09D92A442}.Debug|Any CPU.ActiveCfg = Debug|Any CPU
		{49C8D2F6-8E6B-490D-A602-3BA09D92A442}.Debug|Any CPU.Build.0 = Debug|Any CPU
		{49C8D2F6-8E6B-490D-A602-3BA09D92A442}.Release|Any CPU.ActiveCfg = Release|Any CPU
		{49C8D2F6-8E6B-490D-A602-3BA09D92A442}.Release|Any CPU.Build.0 = Release|Any CPU
		{1BCCE6D8-BD8F-4AAB-B7E4-A0C426DF4777}.Debug|Any CPU.ActiveCfg = Debug|Any CPU
		{1BCCE6D8-BD8F-4AAB-B7E4-A0C426DF4777}.Debug|Any CPU.Build.0 = Debug|Any CPU
		{1BCCE6D8-BD8F-4AAB-B7E4-A0C426DF4777}.Release|Any CPU.ActiveCfg = Release|Any CPU
		{1BCCE6D8-BD8F-4AAB-B7E4-A0C426DF4777}.Release|Any CPU.Build.0 = Release|Any CPU
	EndGlobalSection
	GlobalSection(SolutionProperties) = preSolution
		HideSolutionNode = FALSE
	EndGlobalSection
	GlobalSection(NestedProjects) = preSolution
		{49C8D2F6-8E6B-490D-A602-3BA09D92A442} = {CAFF47AE-0168-4656-8AF5-5524BF861927}
	EndGlobalSection
	GlobalSection(ExtensibilityGlobals) = postSolution
		SolutionGuid = {3282BE39-FAF9-4395-A9C9-51B9C68E5EA9}
	EndGlobalSection
EndGlobal
